PODS:
  - Alamofire (5.6.4)
  - Kanna (4.0.3)
  - SDWebImage (5.15.6):
    - SDWebImage/Core (= 5.15.6)
  - SDWebImage/Core (5.15.6)

DEPENDENCIES:
  - Alamofire
  - Kanna (~> 4.0.0)
  - SDWebImage

SPEC REPOS:
  trunk:
    - Alamofire
    - Kanna
    - SDWebImage

SPEC CHECKSUMS:
  Alamofire: 4e95d97098eacb88856099c4fc79b526a299e48c
  Kanna: 0ebbdd0e7e3308f0aafbd569e79c8cadc5eb877c
  SDWebImage: d47d81bea8a77187896b620dc79c3c528e8906b9

PODFILE CHECKSUM: 4fba30e4eea872bb467859b505c79f5ed1cef2d2

COCOAPODS: 1.12.0
